Microsoft Visual Studio Solution File, Format Version 12.00
# Visual Studio 15
VisualStudioVersion = 15.0.26430.16
MinimumVisualStudioVersion = 10.0.40219.1
Project("{FAE04EC0-301F-11D3-BF4B-00C04F79EFBC}") = "tests", "tests\tests.csproj", "{F791172C-8FB3-49DB-8F04-9826A463579D}"
EndProject
Project("{FAE04EC0-301F-11D3-BF4B-00C04F79EFBC}") = "sdinstalltool", "sdinstalltool\sdinstalltool.csproj", "{342958D7-3ADE-4EAD-B350-127E72AA2C71}"
	ProjectSection(ProjectDependencies) = postProject
		{E536BA1C-E00E-4FF0-A8F0-CF1432608966} = {E536BA1C-E00E-4FF0-A8F0-CF1432608966}
	EndProjectSection
EndProject
Project("{8BC9CEB8-8B4A-11D0-8D11-00A0C91BC942}") = "misterhelper", "misterhelper\misterhelper.vcxproj", "{E536BA1C-E00E-4FF0-A8F0-CF1432608966}"
EndProject
Global
	GlobalSection(SolutionConfigurationPlatforms) = preSolution
		Debug|Any CPU = Debug|Any CPU
		Debug|x64 = Debug|x64
		Debug|x86 = Debug|x86
		Release|Any CPU = Release|Any CPU
		Release|x64 = Release|x64
		Release|x86 = Release|x86
	EndGlobalSection
	GlobalSection(ProjectConfigurationPlatforms) = postSolution
		{F791172C-8FB3-49DB-8F04-9826A463579D}.Debug|Any CPU.ActiveCfg = Debug|Any CPU
		{F791172C-8FB3-49DB-8F04-9826A463579D}.Debug|Any CPU.Build.0 = Debug|Any CPU
		{F791172C-8FB3-49DB-8F04-9826A463579D}.Debug|x64.ActiveCfg = Debug|Any CPU
		{F791172C-8FB3-49DB-8F04-9826A463579D}.Debug|x64.Build.0 = Debug|Any CPU
		{F791172C-8FB3-49DB-8F04-9826A463579D}.Debug|x86.ActiveCfg = Debug|Any CPU
		{F791172C-8FB3-49DB-8F04-9826A463579D}.Debug|x86.Build.0 = Debug|Any CPU
		{F791172C-8FB3-49DB-8F04-9826A463579D}.Release|Any CPU.ActiveCfg = Release|Any CPU
		{F791172C-8FB3-49DB-8F04-9826A463579D}.Release|x64.ActiveCfg = Release|Any CPU
		{F791172C-8FB3-49DB-8F04-9826A463579D}.Release|x64.Build.0 = Release|Any CPU
		{F791172C-8FB3-49DB-8F04-9826A463579D}.Release|x86.ActiveCfg = Release|Any CPU
		{F791172C-8FB3-49DB-8F04-9826A463579D}.Release|x86.Build.0 = Release|Any CPU
		{342958D7-3ADE-4EAD-B350-127E72AA2C71}.Debug|Any CPU.ActiveCfg = Debug|Any CPU
		{342958D7-3ADE-4EAD-B350-127E72AA2C71}.Debug|Any CPU.Build.0 = Debug|Any CPU
		{342958D7-3ADE-4EAD-B350-127E72AA2C71}.Debug|Any CPU.Deploy.0 = Debug|Any CPU
		{342958D7-3ADE-4EAD-B350-127E72AA2C71}.Debug|x64.ActiveCfg = Debug|Any CPU
		{342958D7-3ADE-4EAD-B350-127E72AA2C71}.Debug|x64.Build.0 = Debug|Any CPU
		{342958D7-3ADE-4EAD-B350-127E72AA2C71}.Debug|x86.ActiveCfg = Debug|Any CPU
		{342958D7-3ADE-4EAD-B350-127E72AA2C71}.Debug|x86.Build.0 = Debug|Any CPU
		{342958D7-3ADE-4EAD-B350-127E72AA2C71}.Release|Any CPU.ActiveCfg = Release|Any CPU
		{342958D7-3ADE-4EAD-B350-127E72AA2C71}.Release|Any CPU.Build.0 = Release|Any CPU
		{342958D7-3ADE-4EAD-B350-127E72AA2C71}.Release|x64.ActiveCfg = Release|Any CPU
		{342958D7-3ADE-4EAD-B350-127E72AA2C71}.Release|x64.Build.0 = Release|Any CPU
		{342958D7-3ADE-4EAD-B350-127E72AA2C71}.Release|x86.ActiveCfg = Release|Any CPU
		{342958D7-3ADE-4EAD-B350-127E72AA2C71}.Release|x86.Build.0 = Release|Any CPU
		{E536BA1C-E00E-4FF0-A8F0-CF1432608966}.Debug|Any CPU.ActiveCfg = Debug|x64
		{E536BA1C-E00E-4FF0-A8F0-CF1432608966}.Debug|x64.ActiveCfg = Debug|x64
		{E536BA1C-E00E-4FF0-A8F0-CF1432608966}.Debug|x64.Build.0 = Debug|x64
		{E536BA1C-E00E-4FF0-A8F0-CF1432608966}.Debug|x86.ActiveCfg = Debug|Win32
		{E536BA1C-E00E-4FF0-A8F0-CF1432608966}.Debug|x86.Build.0 = Debug|Win32
		{E536BA1C-E00E-4FF0-A8F0-CF1432608966}.Release|Any CPU.ActiveCfg = Release|x64
		{E536BA1C-E00E-4FF0-A8F0-CF1432608966}.Release|x64.ActiveCfg = Release|x64
		{E536BA1C-E00E-4FF0-A8F0-CF1432608966}.Release|x64.Build.0 = Release|x64
		{E536BA1C-E00E-4FF0-A8F0-CF1432608966}.Release|x86.ActiveCfg = Release|Win32
		{E536BA1C-E00E-4FF0-A8F0-CF1432608966}.Release|x86.Build.0 = Release|Win32
	EndGlobalSection
	GlobalSection(SolutionProperties) = preSolution
		HideSolutionNode = FALSE
	EndGlobalSection
EndGlobal
